
Microsoft Visual Studio Solution File, Format Version 12.00
# Visual Studio Version 17
VisualStudioVersion = 17.10.34916.146
MinimumVisualStudioVersion = 10.0.40219.1
Project("{9A19103F-16F7-4668-BE54-9A1E7A4F7556}") = "Gerenciador_De_Projetos.MODEL", "Gerenciador_De_Projetos.MODEL\Gerenciador_De_Projetos.MODEL.csproj", "{746F8A75-25FD-4C78-9BCF-A69F257A5097}"
EndProject
Global
	GlobalSection(SolutionConfigurationPlatforms) = preSolution
		Debug|Any CPU = Debug|Any CPU
		Release|Any CPU = Release|Any CPU
	EndGlobalSection
	GlobalSection(ProjectConfigurationPlatforms) = postSolution
		{746F8A75-25FD-4C78-9BCF-A69F257A5097}.Debug|Any CPU.ActiveCfg = Debug|Any CPU
		{746F8A75-25FD-4C78-9BCF-A69F257A5097}.Debug|Any CPU.Build.0 = Debug|Any CPU
		{746F8A75-25FD-4C78-9BCF-A69F257A5097}.Release|Any CPU.ActiveCfg = Release|Any CPU
		{746F8A75-25FD-4C78-9BCF-A69F257A5097}.Release|Any CPU.Build.0 = Release|Any CPU
	EndGlobalSection
	GlobalSection(SolutionProperties) = preSolution
		HideSolutionNode = FALSE
	EndGlobalSection
	GlobalSection(ExtensibilityGlobals) = postSolution
		SolutionGuid = {505C044C-0427-444E-A183-D71A386EE9DC}
	EndGlobalSection
EndGlobal
